# This file is autogenerated, do not edit; changes may be undone by the next 'dep ensure'.


[[projects]]
  branch = "master"
  digest = "1:8fda70c57919d8b3eda9806c43d26ad27efd6049571b838f6351d4c4b9dd5767"
  name = "github.com/ajstarks/svgo"
  packages = ["."]
  pruneopts = "UT"
  revision = "6ce6a3bcf6cde6c5007887677ebd148ec30f42a4"

[[projects]]
  branch = "master"
  digest = "1:8cefca256f294fed7323c1fab1fe1acd27aa1af1d8c29550b7589aa0bcacf8cd"
  name = "github.com/axamon/stringset"
  packages = ["."]
  pruneopts = "UT"
  revision = "98a520d66227ede67b873dd1a0f25c2368f72e84"

[[projects]]
  branch = "master"
  digest = "1:28a2663962b6f04ea3de86804d96f2bb9322729e44ec4530aef4b9122100a8d3"
  name = "github.com/drewlanenga/govector"
  packages = ["."]
  pruneopts = "UT"
  revision = "f69e9f02317ee9608f7b224ce1fc63a8602d0785"

[[projects]]
  branch = "master"
  digest = "1:7a6377256f670508711c56c25556d639e673c0fa0f519c5a758fdcbfc8af9ac8"
  name = "github.com/golang/freetype"
  packages = [
    ".",
    "raster",
    "truetype",
  ]
  pruneopts = "UT"
  revision = "e2365dfdc4a05e4b8299a783240d4a7d5a65d4e4"

[[projects]]
  digest = "1:b60efdeb75d3c0ceed88783ac2495256aba3491a537d0f31401202579fd62a94"
  name = "github.com/golang/mock"
  packages = ["gomock"]
  pruneopts = "UT"
  revision = "51421b967af1f557f93a59e0057aaf15ca02e29c"
  version = "v1.2.0"

[[projects]]
  digest = "1:db23aee6f0ff15fbcd0559d660f91d6b738baeeca46d953396b2fdcec93e1260"
  name = "github.com/jung-kurt/gofpdf"
  packages = ["."]
  pruneopts = "UT"
  revision = "14c1db30737a138f8d9797cffea58783892b2fae"
  version = "v1.0.0"

[[projects]]
  branch = "master"
  digest = "1:79d2dd4ecf0c5b24e0a372768fd523242098338ab4453b3422bfe6ef15627b88"
  name = "github.com/llgcode/draw2d"
  packages = [
    ".",
    "draw2dbase",
    "draw2dimg",
  ]
  pruneopts = "UT"
  revision = "f52c8a71aff06ab8df41843d33ab167b36c971cd"

[[projects]]
  branch = "master"
  digest = "1:6fd2b97e0c34869f1bb7bc8fd5432b2d8545b6a068d38cf79ec0f9a52d936830"
  name = "github.com/lytics/anomalyzer"
  packages = ["."]
  pruneopts = "UT"
  revision = "13cee106170131d4088721db299d09b42db508ac"

[[projects]]
  digest = "1:890cec8089afb525c56940f50f21d22cc89ba74c99325d03820f90963486afa5"
  name = "github.com/mxmCherry/movavg"
  packages = ["."]
  pruneopts = "UT"
  revision = "409878dc0217b30656458b56ab1eb0843e346a99"
  version = "v1.1.0"

[[projects]]
  branch = "master"
  digest = "1:bb90467981c5e812c4d1c78e498a1416b04cb5149dc5fa2200ab758c37488f6f"
  name = "github.com/remeh/sizedwaitgroup"
  packages = ["."]
  pruneopts = "UT"
  revision = "5e7302b12ccef91dce9fde2f5bda6d5c7ea5d2eb"

[[projects]]
  digest = "1:98e86b9bb8fbb9053ba2b213c69cfc4753335e53d842178cebea6526a60571f3"
  name = "github.com/soniah/gosnmp"
  packages = ["."]
  pruneopts = "UT"
  revision = "28507a583d6f323959b554e0fc6d33eb589f5c05"
  version = "v1.16"

[[projects]]
  digest = "1:dc48dff981a895912c33cf272b1d869c216d058bd4025736cb481d3ceeed6872"
  name = "github.com/tkanos/gonfig"
  packages = ["."]
  pruneopts = "UT"
  revision = "e83209aed2d171bab5ffb312a1e630110481cb99"
  version = "1.0"

[[projects]]
  branch = "master"
  digest = "1:47bcbdf2a60a0bdd142f07f60771078857310fd1ededeb03956add7c7f6bef33"
  name = "golang.org/x/exp"
  packages = ["rand"]
  pruneopts = "UT"
  revision = "42ba7d4b6eb299bf56fcfc4f0541a857ad0e2da3"

[[projects]]
  branch = "master"
  digest = "1:cf4b554093dbce6983059e6dfaeef0cb4bf9e83e41ac0986c4cbe18a4e0c9b79"
  name = "golang.org/x/image"
  packages = [
    "draw",
    "font",
    "math/f64",
    "math/fixed",
    "tiff",
    "tiff/lzw",
  ]
  pruneopts = "UT"
  revision = "991ec62608f3c0da01d400756917825d1e2fd528"

[[projects]]
  branch = "master"
  digest = "1:70cfa9b14bc9fd6e32f6133f6ecda76774816f225e65b06f5d2e0c7bfc3673e6"
  name = "gonum.org/v1/gonum"
  packages = [
    "blas",
    "blas/blas64",
    "blas/gonum",
    "floats",
    "internal/asm/c128",
    "internal/asm/f32",
    "internal/asm/f64",
    "internal/math32",
    "lapack",
    "lapack/gonum",
    "lapack/lapack64",
    "mat",
    "stat",
  ]
  pruneopts = "UT"
  revision = "f0982070f509ee139841ca385c44dc22a77c8da8"

[[projects]]
  branch = "master"
  digest = "1:67780051ad1fe4c6f3f8588cd76d19fda92c35e84425845293ba94459594c970"
  name = "gonum.org/v1/plot"
  packages = [
    ".",
    "palette",
    "plotter",
    "plotutil",
    "tools/bezier",
    "vg",
    "vg/draw",
    "vg/fonts",
    "vg/vgeps",
    "vg/vgimg",
    "vg/vgpdf",
    "vg/vgsvg",
  ]
  pruneopts = "UT"
  revision = "5f3c436ce602d80b13f2936b6bf149515198d6a4"

[[projects]]
  branch = "v3"
  digest = "1:7388652e2215a3f45d341d58766ed58317971030eb1cbd75f005f96ace8e9196"
  name = "gopkg.in/alexcesaro/quotedprintable.v3"
  packages = ["."]
  pruneopts = "UT"
  revision = "2caba252f4dc53eaf6b553000885530023f54623"

[[projects]]
  digest = "1:eebd52aee67d9f1e0af1859a584e14b1817581dd5f90d4585418c27b6a93c966"
  name = "gopkg.in/gomail.v2"
  packages = ["."]
  pruneopts = "UT"
  revision = "41f3572897373c5538c50a2402db15db079fa4fd"
  version = "2.0.0"

[solve-meta]
  analyzer-name = "dep"
  analyzer-version = 1
  input-imports = [
    "github.com/axamon/stringset",
    "github.com/lytics/anomalyzer",
    "github.com/mxmCherry/movavg",
    "github.com/remeh/sizedwaitgroup",
    "github.com/soniah/gosnmp",
    "github.com/tkanos/gonfig",
    "gonum.org/v1/gonum/stat",
    "gonum.org/v1/plot",
    "gonum.org/v1/plot/plotter",
    "gonum.org/v1/plot/plotutil",
    "gonum.org/v1/plot/vg",
    "gopkg.in/gomail.v2",
  ]
  solver-name = "gps-cdcl"
  solver-version = 1
