# This file is autogenerated, do not edit; changes may be undone by the next 'dep ensure'.


[[projects]]
  branch = "master"
  digest = "1:8cefca256f294fed7323c1fab1fe1acd27aa1af1d8c29550b7589aa0bcacf8cd"
  name = "github.com/axamon/stringset"
  packages = ["."]
  pruneopts = "UT"
  revision = "98a520d66227ede67b873dd1a0f25c2368f72e84"

[[projects]]
  branch = "master"
  digest = "1:28a2663962b6f04ea3de86804d96f2bb9322729e44ec4530aef4b9122100a8d3"
  name = "github.com/drewlanenga/govector"
  packages = ["."]
  pruneopts = "UT"
  revision = "f69e9f02317ee9608f7b224ce1fc63a8602d0785"

[[projects]]
  digest = "1:b60efdeb75d3c0ceed88783ac2495256aba3491a537d0f31401202579fd62a94"
  name = "github.com/golang/mock"
  packages = ["gomock"]
  pruneopts = "UT"
  revision = "51421b967af1f557f93a59e0057aaf15ca02e29c"
  version = "v1.2.0"

[[projects]]
  branch = "master"
  digest = "1:8b4352b5f579e14cea4752fa72b80bee60e6dc0b725211da5c679c63ea06f811"
  name = "github.com/gonum/blas"
  packages = [
    ".",
    "blas64",
    "native",
    "native/internal/math32",
  ]
  pruneopts = "UT"
  revision = "f22b278b28ac9805aadd613a754a60c35b24ae69"

[[projects]]
  branch = "master"
  digest = "1:d1176d30bd3703900e4c6c64d0fb2acdcfa2a880b6cca404fe2a78972bdd5a7b"
  name = "github.com/gonum/floats"
  packages = ["."]
  pruneopts = "UT"
  revision = "c233463c7e827fd71a8cdb62dfda0e98f7c39ad5"

[[projects]]
  branch = "master"
  digest = "1:9de33a3238dd6f897a94925adafe0893714dbc335fcd06a12a83cf3ea537bd8a"
  name = "github.com/gonum/internal"
  packages = [
    "asm/f32",
    "asm/f64",
  ]
  pruneopts = "UT"
  revision = "f884aa71402950fb2796dbea0d5aa9ef9cfad8ca"

[[projects]]
  branch = "master"
  digest = "1:6dbded6cebec9d9733ceb4536e26b0e27338fab169f6bf98c4877ade32c62f46"
  name = "github.com/gonum/lapack"
  packages = [
    ".",
    "lapack64",
    "native",
  ]
  pruneopts = "UT"
  revision = "e4cdc5a0bff924bb10be88482e635bd40429f65e"

[[projects]]
  branch = "master"
  digest = "1:1c6083dc3f08ff798c226a98e6cf4ae209177695b49cabdd0f6621e814a59980"
  name = "github.com/gonum/matrix"
  packages = [
    ".",
    "mat64",
  ]
  pruneopts = "UT"
  revision = "c518dec07be9a636c38a4650e217be059b5952ec"

[[projects]]
  branch = "master"
  digest = "1:39dd7ed016b24212b743779630ad7f55c342b625cdc37e3863c57c027d68e870"
  name = "github.com/gonum/stat"
  packages = ["."]
  pruneopts = "UT"
  revision = "41a0da705a5b2a95346ddc3135b60499c8d38a40"

[[projects]]
  branch = "master"
  digest = "1:6fd2b97e0c34869f1bb7bc8fd5432b2d8545b6a068d38cf79ec0f9a52d936830"
  name = "github.com/lytics/anomalyzer"
  packages = ["."]
  pruneopts = "UT"
  revision = "13cee106170131d4088721db299d09b42db508ac"

[[projects]]
  branch = "master"
  digest = "1:bb90467981c5e812c4d1c78e498a1416b04cb5149dc5fa2200ab758c37488f6f"
  name = "github.com/remeh/sizedwaitgroup"
  packages = ["."]
  pruneopts = "UT"
  revision = "5e7302b12ccef91dce9fde2f5bda6d5c7ea5d2eb"

[[projects]]
  digest = "1:98e86b9bb8fbb9053ba2b213c69cfc4753335e53d842178cebea6526a60571f3"
  name = "github.com/soniah/gosnmp"
  packages = ["."]
  pruneopts = "UT"
  revision = "28507a583d6f323959b554e0fc6d33eb589f5c05"
  version = "v1.16"

[[projects]]
  digest = "1:dc48dff981a895912c33cf272b1d869c216d058bd4025736cb481d3ceeed6872"
  name = "github.com/tkanos/gonfig"
  packages = ["."]
  pruneopts = "UT"
  revision = "e83209aed2d171bab5ffb312a1e630110481cb99"
  version = "1.0"

[[projects]]
  branch = "master"
  digest = "1:70cfa9b14bc9fd6e32f6133f6ecda76774816f225e65b06f5d2e0c7bfc3673e6"
  name = "gonum.org/v1/gonum"
  packages = [
    "blas",
    "blas/blas64",
    "blas/gonum",
    "floats",
    "internal/asm/c128",
    "internal/asm/f32",
    "internal/asm/f64",
    "internal/math32",
    "lapack",
    "lapack/gonum",
    "lapack/lapack64",
    "mat",
    "stat",
  ]
  pruneopts = "UT"
  revision = "f0982070f509ee139841ca385c44dc22a77c8da8"

[[projects]]
  branch = "v3"
  digest = "1:7388652e2215a3f45d341d58766ed58317971030eb1cbd75f005f96ace8e9196"
  name = "gopkg.in/alexcesaro/quotedprintable.v3"
  packages = ["."]
  pruneopts = "UT"
  revision = "2caba252f4dc53eaf6b553000885530023f54623"

[[projects]]
  digest = "1:eebd52aee67d9f1e0af1859a584e14b1817581dd5f90d4585418c27b6a93c966"
  name = "gopkg.in/gomail.v2"
  packages = ["."]
  pruneopts = "UT"
  revision = "41f3572897373c5538c50a2402db15db079fa4fd"
  version = "2.0.0"

[solve-meta]
  analyzer-name = "dep"
  analyzer-version = 1
  input-imports = [
    "github.com/axamon/stringset",
    "github.com/gonum/stat",
    "github.com/lytics/anomalyzer",
    "github.com/remeh/sizedwaitgroup",
    "github.com/soniah/gosnmp",
    "github.com/tkanos/gonfig",
    "gonum.org/v1/gonum/stat",
    "gopkg.in/gomail.v2",
  ]
  solver-name = "gps-cdcl"
  solver-version = 1
